
Microsoft Visual Studio Solution File, Format Version 12.00
# Visual Studio Version 16
VisualStudioVersion = 16.0.31702.278
MinimumVisualStudioVersion = 10.0.40219.1
Project("{FAE04EC0-301F-11D3-BF4B-00C04F79EFBC}") = "CafeManagement", "CafeManagement.csproj", "{1A84AE91-0BF0-4C6D-9643-F56FE7BE575F}"
EndProject
Global
	GlobalSection(SolutionConfigurationPlatforms) = preSolution
		Debug|Any CPU = Debug|Any CPU
		Release|Any CPU = Release|Any CPU
	EndGlobalSection
	GlobalSection(ProjectConfigurationPlatforms) = postSolution
		{1A84AE91-0BF0-4C6D-9643-F56FE7BE575F}.Debug|Any CPU.ActiveCfg = Debug|Any CPU
		{1A84AE91-0BF0-4C6D-9643-F56FE7BE575F}.Debug|Any CPU.Build.0 = Debug|Any CPU
		{1A84AE91-0BF0-4C6D-9643-F56FE7BE575F}.Release|Any CPU.ActiveCfg = Release|Any CPU
		{1A84AE91-0BF0-4C6D-9643-F56FE7BE575F}.Release|Any CPU.Build.0 = Release|Any CPU
	EndGlobalSection
	GlobalSection(SolutionProperties) = preSolution
		HideSolutionNode = FALSE
	EndGlobalSection
	GlobalSection(ExtensibilityGlobals) = postSolution
		SolutionGuid = {819F44D0-99EF-4C76-B9EA-5BDDA4588E28}
	EndGlobalSection
EndGlobal
